[root]
name = "urlp"
version = "0.0.1"
dependencies = [
 "url 0.2.23 (registry+https://github.com/rust-lang/crates.io-index)",
]

[[package]]
name = "matches"
version = "0.1.2"
source = "registry+https://github.com/rust-lang/crates.io-index"

[[package]]
name = "rustc-serialize"
version = "0.3.1"
source = "registry+https://github.com/rust-lang/crates.io-index"

[[package]]
name = "url"
version = "0.2.23"
source = "registry+https://github.com/rust-lang/crates.io-index"
dependencies = [
 "matches 0.1.2 (registry+https://github.com/rust-lang/crates.io-index)",
 "rustc-serialize 0.3.1 (registry+https://github.com/rust-lang/crates.io-index)",
]

